
Microsoft Visual Studio Solution File, Format Version 12.00
# Visual Studio Version 17
VisualStudioVersion = 17.8.34309.116
MinimumVisualStudioVersion = 10.0.40219.1
Project("{FAE04EC0-301F-11D3-BF4B-00C04F79EFBC}") = "JoberNotesAPI", "JoberNotesAPI\JoberNotesAPI.csproj", "{BEB37E4D-0474-4DFC-8CA2-1BB3346F98E5}"
EndProject
Global
	GlobalSection(SolutionConfigurationPlatforms) = preSolution
		Debug|Any CPU = Debug|Any CPU
		Release|Any CPU = Release|Any CPU
	EndGlobalSection
	GlobalSection(ProjectConfigurationPlatforms) = postSolution
		{BEB37E4D-0474-4DFC-8CA2-1BB3346F98E5}.Debug|Any CPU.ActiveCfg = Debug|Any CPU
		{BEB37E4D-0474-4DFC-8CA2-1BB3346F98E5}.Debug|Any CPU.Build.0 = Debug|Any CPU
		{BEB37E4D-0474-4DFC-8CA2-1BB3346F98E5}.Release|Any CPU.ActiveCfg = Release|Any CPU
		{BEB37E4D-0474-4DFC-8CA2-1BB3346F98E5}.Release|Any CPU.Build.0 = Release|Any CPU
	EndGlobalSection
	GlobalSection(SolutionProperties) = preSolution
		HideSolutionNode = FALSE
	EndGlobalSection
	GlobalSection(ExtensibilityGlobals) = postSolution
		SolutionGuid = {A38702C6-53BD-4656-8224-D0AF00CE902C}
	EndGlobalSection
EndGlobal
